{
  "lockfile_version": "1",
  "packages": {
    "bash@latest": {
      "last_modified": "2026-08-03T09:05:39Z",
      "resolved": "github:NixOS/nixpkgs/104240a772428cc2e20d8fd86c9ddbb886bbaff2#bash",
      "source": "devbox-search",
      "version": "5.3p15",
      "systems": {
        "aarch64-darwin": {
          "outputs": [
            {
              "name": "out",
              "path": "/nix/store/4zsssszm1mddjgjszlc84kicvw8f775q-bash-interactive-5.3p15",
              "default": true
            },
            {
              "name": "man",
              "path": "/nix/store/vw768i3lk8g0w4ah3gwric8wq01v51dw-bash-interactive-5.3p15-man",
              "default": true
            },
            {
              "name": "dev",
              "path": "/nix/store/6576kvb5ckcni46wr6kdvn5lc3ayhvhb-bash-interactive-5.3p15-dev"
            },
            {
              "name": "doc",
              "path": "/nix/store/4v49i19h1bhdxdhmzvqsi98qgwvwh9b4-bash-interactive-5.3p15-doc"
            },
            {
              "name": "info",
              "path": "/nix/store/nf2k1r48dhrnjgj6nlgi0sjssl6slzbg-bash-interactive-5.3p15-info"
            }
          ],
          "store_path": "/nix/store/4zsssszm1mddjgjszlc84kicvw8f775q-bash-interactive-5.3p15"
        },
        "aarch64-linux": {
          "outputs": [
            {
              "name": "out",
              "path": "/nix/store/21cakhvvk291d2r27aqim6djdw0zlkik-bash-interactive-5.3p15",
              "default": true
            },
            {
              "name": "man",
              "path": "/nix/store/j7aynh6wal15d0181j8pyq9j7fam16ab-bash-interactive-5.3p15-man",
              "default": true
            },
            {
              "name": "debug",
              "path": "/nix/store/1pm2fkcz6zpvnif0z1nj1xrxgyri9cnl-bash-interactive-5.3p15-debug"
            },
            {
              "name": "dev",
              "path": "/nix/store/8py4d4r6izw1cwpn52z3w2w9whgc859i-bash-interactive-5.3p15-dev"
            },
            {
              "name": "doc",
              "path": "/nix/store/ldfj897hjgfqfwl04nl353nw9j8ilfpj-bash-interactive-5.3p15-doc"
            },
            {
              "name": "info",
              "path": "/nix/store/b4hggi86blssy7gd3igpx7lkj2shxylh-bash-interactive-5.3p15-info"
            }
          ],
          "store_path": "/nix/store/21cakhvvk291d2r27aqim6djdw0zlkik-bash-interactive-5.3p15"
        },
        "x86_64-linux": {
          "outputs": [
            {
              "name": "out",
              "path": "/nix/store/bwry105g7v5jspr41bx9x3fcfqsmfkq2-bash-interactive-5.3p15",
              "default": true
            },
            {
              "name": "man",
              "path": "/nix/store/yfb7k8nq21fqswncwy2z93ak9wrjqi01-bash-interactive-5.3p15-man",
              "default": true
            },
            {
              "name": "debug",
              "path": "/nix/store/rbmy4xd542az6ngmpgqnqyriygc09mcw-bash-interactive-5.3p15-debug"
            },
            {
              "name": "dev",
              "path": "/nix/store/k3xfi5kna47grqcnxmcrmr93zzkqxb95-bash-interactive-5.3p15-dev"
            },
            {
              "name": "doc",
              "path": "/nix/store/8js5cgvkxh18y46zdsypc9x1frh7rkbf-bash-interactive-5.3p15-doc"
            },
            {
              "name": "info",
              "path": "/nix/store/3zjadz0pa5q3p5dgaxk08507zg57dn7j-bash-interactive-5.3p15-info"
            }
          ],
          "store_path": "/nix/store/bwry105g7v5jspr41bx9x3fcfqsmfkq2-bash-interactive-5.3p15"
        }
      }
    },
    "git@latest": {
      "last_modified": "2026-08-01T16:34:20Z",
      "resolved": "github:NixOS/nixpkgs/a5cbcfe954791221bfffe2307f7d1a1bf61a871e#git",
      "source": "devbox-search",
      "version": "2.55.0",
      "systems": {
        "aarch64-darwin": {
          "outputs": [
            {
              "name": "out",
              "path": "/nix/store/rim5n939lwjc8mah63ld1q31i6n7bvf0-git-2.55.0",
              "default": true
            },
            {
              "name": "doc",
              "path": "/nix/store/y34pxb3x3h1gyvcfvanqlfjzm0c86cb4-git-2.55.0-doc"
            }
          ],
          "store_path": "/nix/store/rim5n939lwjc8mah63ld1q31i6n7bvf0-git-2.55.0"
        },
        "aarch64-linux": {
          "outputs": [
            {
              "name": "out",
              "path": "/nix/store/v2iradivx07xjqwk2q71i57pwxw6wh4g-git-2.55.0",
              "default": true
            },
            {
              "name": "debug",
              "path": "/nix/store/nsck4ncjjmdy8c5h83yw297c7xxv64xx-git-2.55.0-debug"
            },
            {
              "name": "doc",
              "path": "/nix/store/bz8bdi34lg4w10kxs9bm93658ary5rrz-git-2.55.0-doc"
            }
          ],
          "store_path": "/nix/store/v2iradivx07xjqwk2q71i57pwxw6wh4g-git-2.55.0"
        },
        "x86_64-linux": {
          "outputs": [
            {
              "name": "out",
              "path": "/nix/store/6f0qqak4qbcrbw4f750phr88c9yhpf5s-git-2.55.0",
              "default": true
            },
            {
              "name": "debug",
              "path": "/nix/store/rwiamhfaqkns90xsalafayg01afk3pza-git-2.55.0-debug"
            },
            {
              "name": "doc",
              "path": "/nix/store/bddpyi6cgkp3v8f58i900hymgfvkyag5-git-2.55.0-doc"
            }
          ],
          "store_path": "/nix/store/6f0qqak4qbcrbw4f750phr88c9yhpf5s-git-2.55.0"
        }
      }
    },
    "github:NixOS/nixpkgs/nixpkgs-unstable": {
      "last_modified": "2026-08-18T11:35:56Z",
      "resolved": "github:NixOS/nixpkgs/b47ad65d73ab65ded9ab408fe558866d71defee8?lastModified=1787052956&narHash=sha256-fZt7Au28AduGpt7vRfIOcpsHKJ%2B9cEnuQ2NdWuh0KVc%3D"
    },
    "lastpass-cli": {
      "resolved": "github:NixOS/nixpkgs/c6e5ca3c836a5f4dd9af9f2c1fc1c38f0fac988a#lastpass-cli",
      "source": "nixpkg",
      "systems": {
        "aarch64-darwin": {
          "outputs": [
            {
              "path": "/nix/store/xc8vfkxrfcyz02w6mggdi51vddy9jy33-lastpass-cli-1.6.1",
              "default": true
            }
          ]
        }
      }
    },
    "openssl": {
      "resolved": "github:NixOS/nixpkgs/b47ad65d73ab65ded9ab408fe558866d71defee8?narHash=sha256-fZt7Au28AduGpt7vRfIOcpsHKJ%2B9cEnuQ2NdWuh0KVc%3D#openssl",
      "source": "nixpkg"
    },
    "ruby@3.4.4": {
      "last_modified": "2025-07-13T22:45:35Z",
      "plugin_version": "0.0.2",
      "resolved": "github:NixOS/nixpkgs/a421ac6595024edcfbb1ef950a3712b89161c359#ruby_3_4",
      "source": "devbox-search",
      "version": "3.4.4",
      "systems": {
        "aarch64-darwin": {
          "outputs": [
            {
              "name": "out",
              "path": "/nix/store/05dwvczaz9y3p56cskz6p1p8q5fj83pn-ruby-3.4.4",
              "default": true
            },
            {
              "name": "devdoc",
              "path": "/nix/store/3k1430hrih0y4dpw93chgr9046xch6bk-ruby-3.4.4-devdoc"
            }
          ],
          "store_path": "/nix/store/05dwvczaz9y3p56cskz6p1p8q5fj83pn-ruby-3.4.4"
        },
        "aarch64-linux": {
          "outputs": [
            {
              "name": "out",
              "path": "/nix/store/fnx1zgj1k8im7ahfdq5p41jyyqwy75vb-ruby-3.4.4",
              "default": true
            },
            {
              "name": "devdoc",
              "path": "/nix/store/syri2pmq9w53fh9qfdhygrix39wrfb5q-ruby-3.4.4-devdoc"
            }
          ],
          "store_path": "/nix/store/fnx1zgj1k8im7ahfdq5p41jyyqwy75vb-ruby-3.4.4"
        },
        "x86_64-darwin": {
          "outputs": [
            {
              "name": "out",
              "path": "/nix/store/mb092cc9k5m0r7v7vb6nh3vsd33km459-ruby-3.4.4",
              "default": true
            },
            {
              "name": "devdoc",
              "path": "/nix/store/2i9bvp42y9gwsp7036bdjk24zg8q7ds2-ruby-3.4.4-devdoc"
            }
          ],
          "store_path": "/nix/store/mb092cc9k5m0r7v7vb6nh3vsd33km459-ruby-3.4.4"
        },
        "x86_64-linux": {
          "outputs": [
            {
              "name": "out",
              "path": "/nix/store/rzp0f3smr34qp26nw02qhavg8xghf3ms-ruby-3.4.4",
              "default": true
            },
            {
              "name": "devdoc",
              "path": "/nix/store/bfkv8892afw5amks2nxp2g3pb2vwi8h4-ruby-3.4.4-devdoc"
            }
          ],
          "store_path": "/nix/store/rzp0f3smr34qp26nw02qhavg8xghf3ms-ruby-3.4.4"
        }
      }
    },
    "rustup@latest": {
      "last_modified": "2026-08-01T16:34:20Z",
      "plugin_version": "0.0.1",
      "resolved": "github:NixOS/nixpkgs/a5cbcfe954791221bfffe2307f7d1a1bf61a871e#rustup",
      "source": "devbox-search",
      "version": "1.29.0",
      "systems": {
        "aarch64-darwin": {
          "outputs": [
            {
              "name": "out",
              "path": "/nix/store/4s2fyvlgfa38p51f0ns1rxw38s2nfblj-rustup-1.29.0",
              "default": true
            }
          ],
          "store_path": "/nix/store/4s2fyvlgfa38p51f0ns1rxw38s2nfblj-rustup-1.29.0"
        },
        "aarch64-linux": {
          "outputs": [
            {
              "name": "out",
              "path": "/nix/store/p1lf5ndx1didl6g86scsqgfnj6dyqals-rustup-1.29.0",
              "default": true
            }
          ],
          "store_path": "/nix/store/p1lf5ndx1didl6g86scsqgfnj6dyqals-rustup-1.29.0"
        },
        "x86_64-darwin": {
          "outputs": [
            {
              "name": "out",
              "path": "/nix/store/lvm2155pfw1b3a9g8cij5g7vx2dk4v9f-rustup-1.29.0",
              "default": true
            }
          ],
          "store_path": "/nix/store/lvm2155pfw1b3a9g8cij5g7vx2dk4v9f-rustup-1.29.0"
        },
        "x86_64-linux": {
          "outputs": [
            {
              "name": "out",
              "path": "/nix/store/0l25mxqzafyqkwh345fy4fj97ggr42fv-rustup-1.29.0",
              "default": true
            }
          ],
          "store_path": "/nix/store/0l25mxqzafyqkwh345fy4fj97ggr42fv-rustup-1.29.0"
        }
      }
    }
  }
}
